
Microsoft Visual Studio Solution File, Format Version 12.00
# Visual Studio Version 16
VisualStudioVersion = 16.0.31402.337
MinimumVisualStudioVersion = 10.0.40219.1
Project("{FAE04EC0-301F-11D3-BF4B-00C04F79EFBC}") = "EmployeeWageComputation", "EmployeeWageComputation\EmployeeWageComputation.csproj", "{DA898A75-6CD1-4A1F-B10D-5AB981F948C0}"
EndProject
Global
	GlobalSection(SolutionConfigurationPlatforms) = preSolution
		Debug|Any CPU = Debug|Any CPU
		Release|Any CPU = Release|Any CPU
	EndGlobalSection
	GlobalSection(ProjectConfigurationPlatforms) = postSolution
		{DA898A75-6CD1-4A1F-B10D-5AB981F948C0}.Debug|Any CPU.ActiveCfg = Debug|Any CPU
		{DA898A75-6CD1-4A1F-B10D-5AB981F948C0}.Debug|Any CPU.Build.0 = Debug|Any CPU
		{DA898A75-6CD1-4A1F-B10D-5AB981F948C0}.Release|Any CPU.ActiveCfg = Release|Any CPU
		{DA898A75-6CD1-4A1F-B10D-5AB981F948C0}.Release|Any CPU.Build.0 = Release|Any CPU
	EndGlobalSection
	GlobalSection(SolutionProperties) = preSolution
		HideSolutionNode = FALSE
	EndGlobalSection
	GlobalSection(ExtensibilityGlobals) = postSolution
		SolutionGuid = {E589E762-D1B2-4AD6-BC29-9E3D81871467}
	EndGlobalSection
EndGlobal
